
Microsoft Visual Studio Solution File, Format Version 12.00
# Visual Studio Version 17
VisualStudioVersion = 17.13.35919.96 d17.13
MinimumVisualStudioVersion = 10.0.40219.1
Project("{FAE04EC0-301F-11D3-BF4B-00C04F79EFBC}") = "UserRegistration", "UserRegistration\UserRegistration.csproj", "{6052BB14-2525-457A-A19B-1B0C95B83020}"
EndProject
Global
	GlobalSection(SolutionConfigurationPlatforms) = preSolution
		Debug|Any CPU = Debug|Any CPU
		Release|Any CPU = Release|Any CPU
	EndGlobalSection
	GlobalSection(ProjectConfigurationPlatforms) = postSolution
		{6052BB14-2525-457A-A19B-1B0C95B83020}.Debug|Any CPU.ActiveCfg = Debug|Any CPU
		{6052BB14-2525-457A-A19B-1B0C95B83020}.Debug|Any CPU.Build.0 = Debug|Any CPU
		{6052BB14-2525-457A-A19B-1B0C95B83020}.Release|Any CPU.ActiveCfg = Release|Any CPU
		{6052BB14-2525-457A-A19B-1B0C95B83020}.Release|Any CPU.Build.0 = Release|Any CPU
	EndGlobalSection
	GlobalSection(SolutionProperties) = preSolution
		HideSolutionNode = FALSE
	EndGlobalSection
	GlobalSection(ExtensibilityGlobals) = postSolution
		SolutionGuid = {0698936C-AB86-4BAC-B891-AE5410E211FE}
	EndGlobalSection
EndGlobal
